
Microsoft Visual Studio Solution File, Format Version 12.00
# Visual Studio 15
Project("{FAE04EC0-301F-11D3-BF4B-00C04F79EFBC}") = "Assembly-CSharp", "Assembly-CSharp.csproj", "{A5B115E5-BF13-4373-EB53-AB7F3375A7DC}"
EndProject
Project("{FAE04EC0-301F-11D3-BF4B-00C04F79EFBC}") = "Assembly-CSharp-Editor", "Assembly-CSharp-Editor.csproj", "{144A2885-3A68-28BA-7D74-800BDC61C936}"
EndProject
Global
	GlobalSection(SolutionConfigurationPlatforms) = preSolution
		Debug|Any CPU = Debug|Any CPU
		Release|Any CPU = Release|Any CPU
	EndGlobalSection
	GlobalSection(ProjectConfigurationPlatforms) = postSolution
		{A5B115E5-BF13-4373-EB53-AB7F3375A7DC}.Debug|Any CPU.ActiveCfg = Debug|Any CPU
		{A5B115E5-BF13-4373-EB53-AB7F3375A7DC}.Debug|Any CPU.Build.0 = Debug|Any CPU
		{A5B115E5-BF13-4373-EB53-AB7F3375A7DC}.Release|Any CPU.ActiveCfg = Release|Any CPU
		{A5B115E5-BF13-4373-EB53-AB7F3375A7DC}.Release|Any CPU.Build.0 = Release|Any CPU
		{144A2885-3A68-28BA-7D74-800BDC61C936}.Debug|Any CPU.ActiveCfg = Debug|Any CPU
		{144A2885-3A68-28BA-7D74-800BDC61C936}.Debug|Any CPU.Build.0 = Debug|Any CPU
		{144A2885-3A68-28BA-7D74-800BDC61C936}.Release|Any CPU.ActiveCfg = Release|Any CPU
		{144A2885-3A68-28BA-7D74-800BDC61C936}.Release|Any CPU.Build.0 = Release|Any CPU
	EndGlobalSection
	GlobalSection(SolutionProperties) = preSolution
		HideSolutionNode = FALSE
	EndGlobalSection
EndGlobal
